
Microsoft Visual Studio Solution File, Format Version 12.00
# Visual Studio Version 17
VisualStudioVersion = 17.7.34031.279
MinimumVisualStudioVersion = 10.0.40219.1
Project("{FAE04EC0-301F-11D3-BF4B-00C04F79EFBC}") = "TASK09.29", "TASK09.29\TASK09.29.csproj", "{11D20EEF-991C-417E-9D15-B86523E7B8BB}"
EndProject
Global
	GlobalSection(SolutionConfigurationPlatforms) = preSolution
		Debug|Any CPU = Debug|Any CPU
		Release|Any CPU = Release|Any CPU
	EndGlobalSection
	GlobalSection(ProjectConfigurationPlatforms) = postSolution
		{11D20EEF-991C-417E-9D15-B86523E7B8BB}.Debug|Any CPU.ActiveCfg = Debug|Any CPU
		{11D20EEF-991C-417E-9D15-B86523E7B8BB}.Debug|Any CPU.Build.0 = Debug|Any CPU
		{11D20EEF-991C-417E-9D15-B86523E7B8BB}.Release|Any CPU.ActiveCfg = Release|Any CPU
		{11D20EEF-991C-417E-9D15-B86523E7B8BB}.Release|Any CPU.Build.0 = Release|Any CPU
	EndGlobalSection
	GlobalSection(SolutionProperties) = preSolution
		HideSolutionNode = FALSE
	EndGlobalSection
	GlobalSection(ExtensibilityGlobals) = postSolution
		SolutionGuid = {262ED47A-95DE-453B-9DAD-B3C7531FACDD}
	EndGlobalSection
EndGlobal
